
Microsoft Visual Studio Solution File, Format Version 12.00
# Visual Studio Version 16
VisualStudioVersion = 16.0.31205.134
MinimumVisualStudioVersion = 10.0.40219.1
Project("{FAE04EC0-301F-11D3-BF4B-00C04F79EFBC}") = "Unique words on the page", "Unique words on the page.csproj", "{E1023949-CA23-4728-A630-398269BFB9C5}"
EndProject
Global
	GlobalSection(SolutionConfigurationPlatforms) = preSolution
		Debug|Any CPU = Debug|Any CPU
		Release|Any CPU = Release|Any CPU
	EndGlobalSection
	GlobalSection(ProjectConfigurationPlatforms) = postSolution
		{E1023949-CA23-4728-A630-398269BFB9C5}.Debug|Any CPU.ActiveCfg = Debug|Any CPU
		{E1023949-CA23-4728-A630-398269BFB9C5}.Debug|Any CPU.Build.0 = Debug|Any CPU
		{E1023949-CA23-4728-A630-398269BFB9C5}.Release|Any CPU.ActiveCfg = Release|Any CPU
		{E1023949-CA23-4728-A630-398269BFB9C5}.Release|Any CPU.Build.0 = Release|Any CPU
	EndGlobalSection
	GlobalSection(SolutionProperties) = preSolution
		HideSolutionNode = FALSE
	EndGlobalSection
	GlobalSection(ExtensibilityGlobals) = postSolution
		SolutionGuid = {176C52E1-132A-4607-8441-6D471A13C52A}
	EndGlobalSection
EndGlobal
